// !$*UTF8*$!
{
	archiveVersion = 1;
	classes = {
	};
	objectVersion = 50;
	objects = {

/* Begin PBXBuildFile section */
		53057FC226E01AA50016E68A /* LandmarksApp.swift in Sources */ = {isa = PBXBuildFile; fileRef = 53057FC126E01AA50016E68A /* LandmarksApp.swift */; };
		53057FC426E01AA50016E68A /* ContentView.swift in Sources */ = {isa = PBXBuildFile; fileRef = 53057FC326E01AA50016E68A /* ContentView.swift */; };
		53057FC626E01AA70016E68A /* Assets.xcassets in Resources */ = {isa = PBXBuildFile; fileRef = 53057FC526E01AA70016E68A /* Assets.xcassets */; };
		53057FC926E01AA70016E68A /* Preview Assets.xcassets in Resources */ = {isa = PBXBuildFile; fileRef = 53057FC826E01AA70016E68A /* Preview Assets.xcassets */; };
		53057FD126E020950016E68A /* CircleImageView.swift in Sources */ = {isa = PBXBuildFile; fileRef = 53057FD026E020950016E68A /* CircleImageView.swift */; };
		53057FD326E021920016E68A /* MapView.swift in Sources */ = {isa = PBXBuildFile; fileRef = 53057FD226E021920016E68A /* MapView.swift */; };
		534642E726E17B6100B40A2B /* LandmarkData.json in Resources */ = {isa = PBXBuildFile; fileRef = 534642E626E17B6100B40A2B /* LandmarkData.json */; };
		534642EB26E17BBF00B40A2B /* Landmark.swift in Sources */ = {isa = PBXBuildFile; fileRef = 534642EA26E17BBF00B40A2B /* Landmark.swift */; };
		534642ED26E17C8600B40A2B /* Coordinates.swift in Sources */ = {isa = PBXBuildFile; fileRef = 534642EC26E17C8600B40A2B /* Coordinates.swift */; };
		534642F026E17D0000B40A2B /* ModelData.swift in Sources */ = {isa = PBXBuildFile; fileRef = 534642EF26E17D0000B40A2B /* ModelData.swift */; };
		534642F226E1812000B40A2B /* LandmarkRow.swift in Sources */ = {isa = PBXBuildFile; fileRef = 534642F126E1812000B40A2B /* LandmarkRow.swift */; };
		534874482800B302006E8DAB /* FavoriteButton.swift in Sources */ = {isa = PBXBuildFile; fileRef = 534874472800B302006E8DAB /* FavoriteButton.swift */; };
		53F8F32226EEB21600F9E757 /* LandmarkList.swift in Sources */ = {isa = PBXBuildFile; fileRef = 53F8F32126EEB21600F9E757 /* LandmarkList.swift */; };
		53F8F32426EEB3A400F9E757 /* LandmarkDetail.swift in Sources */ = {isa = PBXBuildFile; fileRef = 53F8F32326EEB3A400F9E757 /* LandmarkDetail.swift */; };
/* End PBXBuildFile section */

/* Begin PBXFileReference section */
		53057FBE26E01AA50016E68A /* LandmarksApp.app */ = {isa = PBXFileReference; explicitFileType = wrapper.application; includeInIndex = 0; path = LandmarksApp.app; sourceTree = BUILT_PRODUCTS_DIR; };
		53057FC126E01AA50016E68A /* LandmarksApp.swift */ = {isa = PBXFileReference; lastKnownFileType = sourcecode.swift; path = LandmarksApp.swift; sourceTree = "<group>"; };
		53057FC326E01AA50016E68A /* ContentView.swift */ = {isa = PBXFileReference; lastKnownFileType = sourcecode.swift; path = ContentView.swift; sourceTree = "<group>"; };
		53057FC526E01AA70016E68A /* Assets.xcassets */ = {isa = PBXFileReference; lastKnownFileType = folder.assetcatalog; path = Assets.xcassets; sourceTree = "<group>"; };
		53057FC826E01AA70016E68A /* Preview Assets.xcassets */ = {isa = PBXFileReference; lastKnownFileType = folder.assetcatalog; path = "Preview Assets.xcassets"; sourceTree = "<group>"; };
		53057FCA26E01AA70016E68A /* Info.plist */ = {isa = PBXFileReference; lastKnownFileType = text.plist.xml; path = Info.plist; sourceTree = "<group>"; };
		53057FD026E020950016E68A /* CircleImageView.swift */ = {isa = PBXFileReference; lastKnownFileType = sourcecode.swift; path = CircleImageView.swift; sourceTree = "<group>"; };
		53057FD226E021920016E68A /* MapView.swift */ = {isa = PBXFileReference; lastKnownFileType = sourcecode.swift; path = MapView.swift; sourceTree = "<group>"; };
		534642E626E17B6100B40A2B /* LandmarkData.json */ = {isa = PBXFileReference; fileEncoding = 4; lastKnownFileType = text.json; path = LandmarkData.json; sourceTree = "<group>"; };
		534642EA26E17BBF00B40A2B /* Landmark.swift */ = {isa = PBXFileReference; lastKnownFileType = sourcecode.swift; path = Landmark.swift; sourceTree = "<group>"; };
		534642EC26E17C8600B40A2B /* Coordinates.swift */ = {isa = PBXFileReference; lastKnownFileType = sourcecode.swift; path = Coordinates.swift; sourceTree = "<group>"; };
		534642EF26E17D0000B40A2B /* ModelData.swift */ = {isa = PBXFileReference; lastKnownFileType = sourcecode.swift; path = ModelData.swift; sourceTree = "<group>"; };
		534642F126E1812000B40A2B /* LandmarkRow.swift */ = {isa = PBXFileReference; lastKnownFileType = sourcecode.swift; path = LandmarkRow.swift; sourceTree = "<group>"; };
		534874472800B302006E8DAB /* FavoriteButton.swift */ = {isa = PBXFileReference; lastKnownFileType = sourcecode.swift; path = FavoriteButton.swift; sourceTree = "<group>"; };
		53F8F32126EEB21600F9E757 /* LandmarkList.swift */ = {isa = PBXFileReference; lastKnownFileType = sourcecode.swift; path = LandmarkList.swift; sourceTree = "<group>"; };
		53F8F32326EEB3A400F9E757 /* LandmarkDetail.swift */ = {isa = PBXFileReference; lastKnownFileType = sourcecode.swift; path = LandmarkDetail.swift; sourceTree = "<group>"; };
/* End PBXFileReference section */

/* Begin PBXFrameworksBuildPhase section */
		53057FBB26E01AA50016E68A /* Frameworks */ = {
			isa = PBXFrameworksBuildPhase;
			buildActionMask = 2147483647;
			files = (
			);
			runOnlyForDeploymentPostprocessing = 0;
		};
/* End PBXFrameworksBuildPhase section */

/* Begin PBXGroup section */
		53057FB526E01AA50016E68A = {
			isa = PBXGroup;
			children = (
				53057FC026E01AA50016E68A /* LandmarksApp */,
				53057FBF26E01AA50016E68A /* Products */,
			);
			sourceTree = "<group>";
		};
		53057FBF26E01AA50016E68A /* Products */ = {
			isa = PBXGroup;
			children = (
				53057FBE26E01AA50016E68A /* LandmarksApp.app */,
			);
			name = Products;
			sourceTree = "<group>";
		};
		53057FC026E01AA50016E68A /* LandmarksApp */ = {
			isa = PBXGroup;
			children = (
				534874462800B2ED006E8DAB /* Controls */,
				534642E926E17B9F00B40A2B /* Entries */,
				534642E826E17B7C00B40A2B /* Views */,
				534642E226E17B1100B40A2B /* AppResources */,
				53057FC126E01AA50016E68A /* LandmarksApp.swift */,
				53057FCA26E01AA70016E68A /* Info.plist */,
				53057FC726E01AA70016E68A /* Preview Content */,
			);
			path = LandmarksApp;
			sourceTree = "<group>";
		};
		53057FC726E01AA70016E68A /* Preview Content */ = {
			isa = PBXGroup;
			children = (
				53057FC826E01AA70016E68A /* Preview Assets.xcassets */,
			);
			path = "Preview Content";
			sourceTree = "<group>";
		};
		534642E226E17B1100B40A2B /* AppResources */ = {
			isa = PBXGroup;
			children = (
				534642E526E17B4A00B40A2B /* Stubs */,
				53057FC526E01AA70016E68A /* Assets.xcassets */,
			);
			path = AppResources;
			sourceTree = "<group>";
		};
		534642E526E17B4A00B40A2B /* Stubs */ = {
			isa = PBXGroup;
			children = (
				534642E626E17B6100B40A2B /* LandmarkData.json */,
			);
			path = Stubs;
			sourceTree = "<group>";
		};
		534642E826E17B7C00B40A2B /* Views */ = {
			isa = PBXGroup;
			children = (
				53057FC326E01AA50016E68A /* ContentView.swift */,
				53057FD026E020950016E68A /* CircleImageView.swift */,
				53057FD226E021920016E68A /* MapView.swift */,
				534642F126E1812000B40A2B /* LandmarkRow.swift */,
				53F8F32126EEB21600F9E757 /* LandmarkList.swift */,
				53F8F32326EEB3A400F9E757 /* LandmarkDetail.swift */,
			);
			path = Views;
			sourceTree = "<group>";
		};
		534642E926E17B9F00B40A2B /* Entries */ = {
			isa = PBXGroup;
			children = (
				534642EF26E17D0000B40A2B /* ModelData.swift */,
				534642EA26E17BBF00B40A2B /* Landmark.swift */,
				534642EC26E17C8600B40A2B /* Coordinates.swift */,
			);
			path = Entries;
			sourceTree = "<group>";
		};
		534874462800B2ED006E8DAB /* Controls */ = {
			isa = PBXGroup;
			children = (
				534874472800B302006E8DAB /* FavoriteButton.swift */,
			);
			path = Controls;
			sourceTree = "<group>";
		};
/* End PBXGroup section */

/* Begin PBXNativeTarget section */
		53057FBD26E01AA50016E68A /* LandmarksApp */ = {
			isa = PBXNativeTarget;
			buildConfigurationList = 53057FCD26E01AA70016E68A /* Build configuration list for PBXNativeTarget "LandmarksApp" */;
			buildPhases = (
				53057FBA26E01AA50016E68A /* Sources */,
				53057FBB26E01AA50016E68A /* Frameworks */,
				53057FBC26E01AA50016E68A /* Resources */,
			);
			buildRules = (
			);
			dependencies = (
			);
			name = LandmarksApp;
			productName = LandmarksApp;
			productReference = 53057FBE26E01AA50016E68A /* LandmarksApp.app */;
			productType = "com.apple.product-type.application";
		};
/* End PBXNativeTarget section */

/* Begin PBXProject section */
		53057FB626E01AA50016E68A /* Project object */ = {
			isa = PBXProject;
			attributes = {
				LastSwiftUpdateCheck = 1250;
				LastUpgradeCheck = 1250;
				TargetAttributes = {
					53057FBD26E01AA50016E68A = {
						CreatedOnToolsVersion = 12.5.1;
					};
				};
			};
			buildConfigurationList = 53057FB926E01AA50016E68A /* Build configuration list for PBXProject "LandmarksApp" */;
			compatibilityVersion = "Xcode 9.3";
			developmentRegion = en;
			hasScannedForEncodings = 0;
			knownRegions = (
				en,
				Base,
			);
			mainGroup = 53057FB526E01AA50016E68A;
			productRefGroup = 53057FBF26E01AA50016E68A /* Products */;
			projectDirPath = "";
			projectRoot = "";
			targets = (
				53057FBD26E01AA50016E68A /* LandmarksApp */,
			);
		};
/* End PBXProject section */

/* Begin PBXResourcesBuildPhase section */
		53057FBC26E01AA50016E68A /* Resources */ = {
			isa = PBXResourcesBuildPhase;
			buildActionMask = 2147483647;
			files = (
				53057FC926E01AA70016E68A /* Preview Assets.xcassets in Resources */,
				53057FC626E01AA70016E68A /* Assets.xcassets in Resources */,
				534642E726E17B6100B40A2B /* LandmarkData.json in Resources */,
			);
			runOnlyForDeploymentPostprocessing = 0;
		};
/* End PBXResourcesBuildPhase section */

/* Begin PBXSourcesBuildPhase section */
		53057FBA26E01AA50016E68A /* Sources */ = {
			isa = PBXSourcesBuildPhase;
			buildActionMask = 2147483647;
			files = (
				53057FC426E01AA50016E68A /* ContentView.swift in Sources */,
				53057FD326E021920016E68A /* MapView.swift in Sources */,
				53057FD126E020950016E68A /* CircleImageView.swift in Sources */,
				534642ED26E17C8600B40A2B /* Coordinates.swift in Sources */,
				53F8F32226EEB21600F9E757 /* LandmarkList.swift in Sources */,
				53057FC226E01AA50016E68A /* LandmarksApp.swift in Sources */,
				534642EB26E17BBF00B40A2B /* Landmark.swift in Sources */,
				534642F226E1812000B40A2B /* LandmarkRow.swift in Sources */,
				53F8F32426EEB3A400F9E757 /* LandmarkDetail.swift in Sources */,
				534874482800B302006E8DAB /* FavoriteButton.swift in Sources */,
				534642F026E17D0000B40A2B /* ModelData.swift in Sources */,
			);
			runOnlyForDeploymentPostprocessing = 0;
		};
/* End PBXSourcesBuildPhase section */

/* Begin XCBuildConfiguration section */
		53057FCB26E01AA70016E68A /* Debug */ = {
			isa = XCBuildConfiguration;
			buildSettings = {
				ALWAYS_SEARCH_USER_PATHS = NO;
				CLANG_ANALYZER_NONNULL = YES;
				CLANG_ANALYZER_NUMBER_OBJECT_CONVERSION = YES_AGGRESSIVE;
				CLANG_CXX_LANGUAGE_STANDARD = "gnu++14";
				CLANG_CXX_LIBRARY = "libc++";
				CLANG_ENABLE_MODULES = YES;
				CLANG_ENABLE_OBJC_ARC = YES;
				CLANG_ENABLE_OBJC_WEAK = YES;
				CLANG_WARN_BLOCK_CAPTURE_AUTORELEASING = YES;
				CLANG_WARN_BOOL_CONVERSION = YES;
				CLANG_WARN_COMMA = YES;
				CLANG_WARN_CONSTANT_CONVERSION = YES;
				CLANG_WARN_DEPRECATED_OBJC_IMPLEMENTATIONS = YES;
				CLANG_WARN_DIRECT_OBJC_ISA_USAGE = YES_ERROR;
				CLANG_WARN_DOCUMENTATION_COMMENTS = YES;
				CLANG_WARN_EMPTY_BODY = YES;
				CLANG_WARN_ENUM_CONVERSION = YES;
				CLANG_WARN_INFINITE_RECURSION = YES;
				CLANG_WARN_INT_CONVERSION = YES;
				CLANG_WARN_NON_LITERAL_NULL_CONVERSION = YES;
				CLANG_WARN_OBJC_IMPLICIT_RETAIN_SELF = YES;
				CLANG_WARN_OBJC_LITERAL_CONVERSION = YES;
				CLANG_WARN_OBJC_ROOT_CLASS = YES_ERROR;
				CLANG_WARN_QUOTED_INCLUDE_IN_FRAMEWORK_HEADER = YES;
				CLANG_WARN_RANGE_LOOP_ANALYSIS = YES;
				CLANG_WARN_STRICT_PROTOTYPES = YES;
				CLANG_WARN_SUSPICIOUS_MOVE = YES;
				CLANG_WARN_UNGUARDED_AVAILABILITY = YES_AGGRESSIVE;
				CLANG_WARN_UNREACHABLE_CODE = YES;
				CLANG_WARN__DUPLICATE_METHOD_MATCH = YES;
				COPY_PHASE_STRIP = NO;
				DEBUG_INFORMATION_FORMAT = dwarf;
				ENABLE_STRICT_OBJC_MSGSEND = YES;
				ENABLE_TESTABILITY = YES;
				GCC_C_LANGUAGE_STANDARD = gnu11;
				GCC_DYNAMIC_NO_PIC = NO;
				GCC_NO_COMMON_BLOCKS = YES;
				GCC_OPTIMIZATION_LEVEL = 0;
				GCC_PREPROCESSOR_DEFINITIONS = (
					"DEBUG=1",
					"$(inherited)",
				);
				GCC_WARN_64_TO_32_BIT_CONVERSION = YES;
				GCC_WARN_ABOUT_RETURN_TYPE = YES_ERROR;
				GCC_WARN_UNDECLARED_SELECTOR = YES;
				GCC_WARN_UNINITIALIZED_AUTOS = YES_AGGRESSIVE;
				GCC_WARN_UNUSED_FUNCTION = YES;
				GCC_WARN_UNUSED_VARIABLE = YES;
				IPHONEOS_DEPLOYMENT_TARGET = 14.5;
				MTL_ENABLE_DEBUG_INFO = INCLUDE_SOURCE;
				MTL_FAST_MATH = YES;
				ONLY_ACTIVE_ARCH = YES;
				SDKROOT = iphoneos;
				SWIFT_ACTIVE_COMPILATION_CONDITIONS = DEBUG;
				SWIFT_OPTIMIZATION_LEVEL = "-Onone";
			};
			name = Debug;
		};
		53057FCC26E01AA70016E68A /* Release */ = {
			isa = XCBuildConfiguration;
			buildSettings = {
				ALWAYS_SEARCH_USER_PATHS = NO;
				CLANG_ANALYZER_NONNULL = YES;
				CLANG_ANALYZER_NUMBER_OBJECT_CONVERSION = YES_AGGRESSIVE;
				CLANG_CXX_LANGUAGE_STANDARD = "gnu++14";
				CLANG_CXX_LIBRARY = "libc++";
				CLANG_ENABLE_MODULES = YES;
				CLANG_ENABLE_OBJC_ARC = YES;
				CLANG_ENABLE_OBJC_WEAK = YES;
				CLANG_WARN_BLOCK_CAPTURE_AUTORELEASING = YES;
				CLANG_WARN_BOOL_CONVERSION = YES;
				CLANG_WARN_COMMA = YES;
				CLANG_WARN_CONSTANT_CONVERSION = YES;
				CLANG_WARN_DEPRECATED_OBJC_IMPLEMENTATIONS = YES;
				CLANG_WARN_DIRECT_OBJC_ISA_USAGE = YES_ERROR;
				CLANG_WARN_DOCUMENTATION_COMMENTS = YES;
				CLANG_WARN_EMPTY_BODY = YES;
				CLANG_WARN_ENUM_CONVERSION = YES;
				CLANG_WARN_INFINITE_RECURSION = YES;
				CLANG_WARN_INT_CONVERSION = YES;
				CLANG_WARN_NON_LITERAL_NULL_CONVERSION = YES;
				CLANG_WARN_OBJC_IMPLICIT_RETAIN_SELF = YES;
				CLANG_WARN_OBJC_LITERAL_CONVERSION = YES;
				CLANG_WARN_OBJC_ROOT_CLASS = YES_ERROR;
				CLANG_WARN_QUOTED_INCLUDE_IN_FRAMEWORK_HEADER = YES;
				CLANG_WARN_RANGE_LOOP_ANALYSIS = YES;
				CLANG_WARN_STRICT_PROTOTYPES = YES;
				CLANG_WARN_SUSPICIOUS_MOVE = YES;
				CLANG_WARN_UNGUARDED_AVAILABILITY = YES_AGGRESSIVE;
				CLANG_WARN_UNREACHABLE_CODE = YES;
				CLANG_WARN__DUPLICATE_METHOD_MATCH = YES;
				COPY_PHASE_STRIP = NO;
				DEBUG_INFORMATION_FORMAT = "dwarf-with-dsym";
				ENABLE_NS_ASSERTIONS = NO;
				ENABLE_STRICT_OBJC_MSGSEND = YES;
				GCC_C_LANGUAGE_STANDARD = gnu11;
				GCC_NO_COMMON_BLOCKS = YES;
				GCC_WARN_64_TO_32_BIT_CONVERSION = YES;
				GCC_WARN_ABOUT_RETURN_TYPE = YES_ERROR;
				GCC_WARN_UNDECLARED_SELECTOR = YES;
				GCC_WARN_UNINITIALIZED_AUTOS = YES_AGGRESSIVE;
				GCC_WARN_UNUSED_FUNCTION = YES;
				GCC_WARN_UNUSED_VARIABLE = YES;
				IPHONEOS_DEPLOYMENT_TARGET = 14.5;
				MTL_ENABLE_DEBUG_INFO = NO;
				MTL_FAST_MATH = YES;
				SDKROOT = iphoneos;
				SWIFT_COMPILATION_MODE = wholemodule;
				SWIFT_OPTIMIZATION_LEVEL = "-O";
				VALIDATE_PRODUCT = YES;
			};
			name = Release;
		};
		53057FCE26E01AA70016E68A /* Debug */ = {
			isa = XCBuildConfiguration;
			buildSettings = {
				ASSETCATALOG_COMPILER_APPICON_NAME = AppIcon;
				ASSETCATALOG_COMPILER_GLOBAL_ACCENT_COLOR_NAME = AccentColor;
				CODE_SIGN_STYLE = Automatic;
				DEVELOPMENT_ASSET_PATHS = "\"LandmarksApp/Preview Content\"";
				DEVELOPMENT_TEAM = 3J3JBKX646;
				ENABLE_PREVIEWS = YES;
				INFOPLIST_FILE = LandmarksApp/Info.plist;
				IPHONEOS_DEPLOYMENT_TARGET = 14.0;
				LD_RUNPATH_SEARCH_PATHS = (
					"$(inherited)",
					"@executable_path/Frameworks",
				);
				PRODUCT_BUNDLE_IDENTIFIER = AG.LandmarksApp;
				PRODUCT_NAME = "$(TARGET_NAME)";
				SWIFT_VERSION = 5.0;
				TARGETED_DEVICE_FAMILY = "1,2";
			};
			name = Debug;
		};
		53057FCF26E01AA70016E68A /* Release */ = {
			isa = XCBuildConfiguration;
			buildSettings = {
				ASSETCATALOG_COMPILER_APPICON_NAME = AppIcon;
				ASSETCATALOG_COMPILER_GLOBAL_ACCENT_COLOR_NAME = AccentColor;
				CODE_SIGN_STYLE = Automatic;
				DEVELOPMENT_ASSET_PATHS = "\"LandmarksApp/Preview Content\"";
				DEVELOPMENT_TEAM = 3J3JBKX646;
				ENABLE_PREVIEWS = YES;
				INFOPLIST_FILE = LandmarksApp/Info.plist;
				IPHONEOS_DEPLOYMENT_TARGET = 14.0;
				LD_RUNPATH_SEARCH_PATHS = (
					"$(inherited)",
					"@executable_path/Frameworks",
				);
				PRODUCT_BUNDLE_IDENTIFIER = AG.LandmarksApp;
				PRODUCT_NAME = "$(TARGET_NAME)";
				SWIFT_VERSION = 5.0;
				TARGETED_DEVICE_FAMILY = "1,2";
			};
			name = Release;
		};
/* End XCBuildConfiguration section */

/* Begin XCConfigurationList section */
		53057FB926E01AA50016E68A /* Build configuration list for PBXProject "LandmarksApp" */ = {
			isa = XCConfigurationList;
			buildConfigurations = (
				53057FCB26E01AA70016E68A /* Debug */,
				53057FCC26E01AA70016E68A /* Release */,
			);
			defaultConfigurationIsVisible = 0;
			defaultConfigurationName = Release;
		};
		53057FCD26E01AA70016E68A /* Build configuration list for PBXNativeTarget "LandmarksApp" */ = {
			isa = XCConfigurationList;
			buildConfigurations = (
				53057FCE26E01AA70016E68A /* Debug */,
				53057FCF26E01AA70016E68A /* Release */,
			);
			defaultConfigurationIsVisible = 0;
			defaultConfigurationName = Release;
		};
/* End XCConfigurationList section */
	};
	rootObject = 53057FB626E01AA50016E68A /* Project object */;
}
